PODS:
  - DropDown (2.3.13)
  - InstantSearchVoiceOverlay (1.2.0)

DEPENDENCIES:
  - DropDown
  - InstantSearchVoiceOverlay

SPEC REPOS:
  trunk:
    - DropDown
    - InstantSearchVoiceOverlay

SPEC CHECKSUMS:
  DropDown: 8a2116376c1981888557f72ec2ffc9a5e0e456ec
  InstantSearchVoiceOverlay: d9d5db7314ec8416dcf4ed49df2000e8ee0abe2b

PODFILE CHECKSUM: aecab06c87b98a0254d1ccf6dda00778fc87d481

COCOAPODS: 1.14.3
